# This file is automatically @generated by Poetry 1.5.1 and should not be changed by hand.

[[package]]
name = "rk-core"
version = "0.1.8"
description = ""
optional = false
python-versions = ">=3.7"
files = [
    {file = "rk_core-0.1.8-cp310-cp310-manylinux_2_17_x86_64.manylinux2014_x86_64.whl", hash = "sha256:b563c9c23b1f1917f9590bbf793c6769bbbbc1bfcb478ef056b9595a46ef5352"},
    {file = "rk_core-0.1.8-cp310-none-win_amd64.whl", hash = "sha256:4d0c11b07a087630de7e2fb4ada3b625b78d49d2827f485c9002ba434e57b046"},
    {file = "rk_core-0.1.8-cp311-cp311-manylinux_2_17_x86_64.manylinux2014_x86_64.whl", hash = "sha256:3bbfa23cec48e67fc9c197d7e5898c333133741e08c8ab6d4024c1fcbcd69afb"},
    {file = "rk_core-0.1.8-cp311-none-win_amd64.whl", hash = "sha256:a123460f50bfd8f2ec929034a0ad46a98a77b814fe8e2be5c1574b8b1978b09f"},
    {file = "rk_core-0.1.8-cp312-cp312-manylinux_2_17_x86_64.manylinux2014_x86_64.whl", hash = "sha256:564d0a19e2852e2c5d16d152da7d0ea0bfa6461ce03a763c9048e5505f58558c"},
    {file = "rk_core-0.1.8-cp37-cp37m-manylinux_2_17_x86_64.manylinux2014_x86_64.whl", hash = "sha256:795197c278fa115c96f3c5163062c408e40acac48c84346294c64b110b3a931f"},
    {file = "rk_core-0.1.8-cp37-none-win_amd64.whl", hash = "sha256:88d0940ece8ad7bc37586c6a943be93a29e651e84d0801dd27db4b9a960b05b3"},
    {file = "rk_core-0.1.8-cp38-cp38-manylinux_2_17_x86_64.manylinux2014_x86_64.whl", hash = "sha256:d59e65c97ef2da3f9befd8b086e0fc05d2f63f17e18ea5338c3aed9ba99182d2"},
    {file = "rk_core-0.1.8-cp38-none-win_amd64.whl", hash = "sha256:49b7840b33f9d68be2c65ed9f27c5b0810479618f3e4f463e4e2fbe89d5c75fe"},
    {file = "rk_core-0.1.8-cp39-cp39-manylinux_2_17_x86_64.manylinux2014_x86_64.whl", hash = "sha256:71a05e7f37a76b45868f0b4e9d8bd0d736d580a00103044f65d8474c20ea605d"},
    {file = "rk_core-0.1.8-cp39-none-win_amd64.whl", hash = "sha256:00b3348bd8c5db1972e5e3e268859e2aa01335b351e1f913cfc87e1f9a48449c"},
    {file = "rk_core-0.1.8-pp310-pypy310_pp73-manylinux_2_17_x86_64.manylinux2014_x86_64.whl", hash = "sha256:30df633e8f9fa1b7f97f2bd49d55e92eb2aee8487caf312de61ab5a6bfebfe13"},
    {file = "rk_core-0.1.8-pp37-pypy37_pp73-manylinux_2_17_x86_64.manylinux2014_x86_64.whl", hash = "sha256:09ef7ce36a3f5e2736bff6cab8fff407e7e43eea7754eaacffab84c55f7a2752"},
    {file = "rk_core-0.1.8-pp38-pypy38_pp73-manylinux_2_17_x86_64.manylinux2014_x86_64.whl", hash = "sha256:cbd7eb45ad7bea650cd0f3de38e9ea1e3a12a1b8e52551babe0cc01f721cbff3"},
    {file = "rk_core-0.1.8-pp39-pypy39_pp73-manylinux_2_17_x86_64.manylinux2014_x86_64.whl", hash = "sha256:16d45e0e79d836fdf4c08724ff999a47fb3c627a0c8b8ab70d0084c53a71b049"},
]

[metadata]
lock-version = "2.0"
python-versions = "^3.11"
content-hash = "9cff8d206f6373d2d7e573153b625c2b7a4666b6378cb11f364d6d74ec877ec7"
